{
  "requires": true,
  "lockfileVersion": 1,
  "dependencies": {
    "sinon-test": {
      "version": "3.0.1",
      "resolved": "https://registry.npmjs.org/sinon-test/-/sinon-test-3.0.1.tgz",
      "integrity": "sha512-1wq0EfPqpep4dh+cGbABjHwTz0gBJQpF260gVme+Vqur0SOgW052ww/IW8lC3VaPcPK79NodQpOD6GF1mjFaSQ==",
      "dev": true
    }
  }
}
